{
  "name": "nodejs",
  "version": "1.0.0",
  "lockfileVersion": 3,
  "requires": true,
  "packages": {
    "": {
      "name": "nodejs",
      "version": "1.0.0",
      "license": "ISC",
      "dependencies": {
        "@prisma/client": "^5.3.0",
        "prisma": "^5.3.0"
      }
    },
    "node_modules/@prisma/client": {
      "version": "5.3.0",
      "resolved": "https://registry.npmjs.org/@prisma/client/-/client-5.3.0.tgz",
      "integrity": "sha512-cduYBlwj6oBfAUx2OI5i7t3NlpVeOtkN7pAqv0cw0B6gs4y8cY1mr8ZYywja0NUCOCqEWDkcZWBTVBwm6mnRIw==",
      "hasInstallScript": true,
      "dependencies": {
        "@prisma/engines-version": "5.3.0-36.e90b936d84779543cbe0e494bc8b9d7337fad8e4"
      },
      "engines": {
        "node": ">=16.13"
      },
      "peerDependencies": {
        "prisma": "*"
      },
      "peerDependenciesMeta": {
        "prisma": {
          "optional": true
        }
      }
    },
    "node_modules/@prisma/engines": {
      "version": "5.3.0",
      "resolved": "https://registry.npmjs.org/@prisma/engines/-/engines-5.3.0.tgz",
      "integrity": "sha512-3U3u/pa+QYfrV2z2rU6cBmzOZYPVEh1cXvg35PbaYFBQipFep54tp+mD9KJhlouT57pMKPERgjcPFR+UZ/BWjg==",
      "hasInstallScript": true
    },
    "node_modules/@prisma/engines-version": {
      "version": "5.3.0-36.e90b936d84779543cbe0e494bc8b9d7337fad8e4",
      "resolved": "https://registry.npmjs.org/@prisma/engines-version/-/engines-version-5.3.0-36.e90b936d84779543cbe0e494bc8b9d7337fad8e4.tgz",
      "integrity": "sha512-uftIog5FQ/OUR8Vb9TzpNBJ6L+zJnBgmd1A0uPJUzuvGMU32UmeyobpdXVzST5UprKryTdWOYXQFVyiQ2OU4Nw=="
    },
    "node_modules/prisma": {
      "version": "5.3.0",
      "resolved": "https://registry.npmjs.org/prisma/-/prisma-5.3.0.tgz",
      "integrity": "sha512-eLUR2gyKk8iRLAfy1H3Jel4SZQmjauTPTYX4UFFmwrMTrPnQzipspt48s6e45H5PKYq9zT5MQ9qWbkq9Ru4EAg==",
      "hasInstallScript": true,
      "dependencies": {
        "@prisma/engines": "5.3.0"
      },
      "bin": {
        "prisma": "build/index.js"
      },
      "engines": {
        "node": ">=16.13"
      }
    }
  }
}
